{
  "name": "typescript-inference-problem",
  "version": "0.1.0",
  "lockfileVersion": 1,
  "requires": true,
  "dependencies": {
    "typescript": {
      "version": "3.7.0-dev.20190917",
      "resolved": "https://registry.npmjs.org/typescript/-/typescript-3.7.0-dev.20190917.tgz",
      "integrity": "sha512-rOTvzzW8WIGloSlhDPjWWP/dJYWWBpzwZT0ciOAGRP4HPYJHqKI7RzfKwQE0D3EwJiuXth8bgs9coe9B3f9NDg==",
      "dev": true
    }
  }
}
